
Microsoft Visual Studio Solution File, Format Version 12.00
# Visual Studio Version 17
VisualStudioVersion = 17.3.32825.248
MinimumVisualStudioVersion = 10.0.40219.1
Project("{FAE04EC0-301F-11D3-BF4B-00C04F79EFBC}") = "PG1", "PG1\PG1.csproj", "{840F2FA5-4C1D-4BCC-91D2-5F589C58A196}"
EndProject
Global
	GlobalSection(SolutionConfigurationPlatforms) = preSolution
		Debug|Any CPU = Debug|Any CPU
		Release|Any CPU = Release|Any CPU
	EndGlobalSection
	GlobalSection(ProjectConfigurationPlatforms) = postSolution
		{840F2FA5-4C1D-4BCC-91D2-5F589C58A196}.Debug|Any CPU.ActiveCfg = Debug|Any CPU
		{840F2FA5-4C1D-4BCC-91D2-5F589C58A196}.Debug|Any CPU.Build.0 = Debug|Any CPU
		{840F2FA5-4C1D-4BCC-91D2-5F589C58A196}.Release|Any CPU.ActiveCfg = Release|Any CPU
		{840F2FA5-4C1D-4BCC-91D2-5F589C58A196}.Release|Any CPU.Build.0 = Release|Any CPU
	EndGlobalSection
	GlobalSection(SolutionProperties) = preSolution
		HideSolutionNode = FALSE
	EndGlobalSection
	GlobalSection(ExtensibilityGlobals) = postSolution
		SolutionGuid = {A20C4603-3B5F-4A3C-8247-599F04A39417}
	EndGlobalSection
EndGlobal
